# This file is automatically @generated by Cargo.
# It is not intended for manual editing.
[[package]]
name = "cty"
version = "0.2.1"
source = "registry+https://github.com/rust-lang/crates.io-index"
checksum = "7313c0d620d0cb4dbd9d019e461a4beb501071ff46ec0ab933efb4daa76d73e3"

[[package]]
name = "cantrip-debug-console"
version = "0.1.0"
dependencies = [
 "cantrip-shell",
 "cantrip-uart-client",
 "panic-halt",
]

[[package]]
name = "cantrip-io"
version = "0.1.0"

[[package]]
name = "cantrip-line-reader"
version = "0.1.0"
dependencies = [
 "cantrip-io",
]

[[package]]
name = "cantrip-shell"
version = "0.1.0"
dependencies = [
 "cantrip-io",
 "cantrip-line-reader",
]

[[package]]
name = "cantrip-uart-client"
version = "0.1.0"
dependencies = [
 "cty",
 "cantrip-io",
]

[[package]]
name = "panic-halt"
version = "0.2.0"
source = "registry+https://github.com/rust-lang/crates.io-index"
checksum = "de96540e0ebde571dc55c73d60ef407c653844e6f9a1e2fdbd40c07b9252d812"
